
Microsoft Visual Studio Solution File, Format Version 12.00
# Visual Studio Version 17
VisualStudioVersion = 17.7.34031.279
MinimumVisualStudioVersion = 10.0.40219.1
Project("{FAE04EC0-301F-11D3-BF4B-00C04F79EFBC}") = "Version2", "Version2\Version2.csproj", "{8255DDFC-2A7F-426D-8C77-6EC69157D5B9}"
EndProject
Global
	GlobalSection(SolutionConfigurationPlatforms) = preSolution
		Debug|Any CPU = Debug|Any CPU
		Release|Any CPU = Release|Any CPU
	EndGlobalSection
	GlobalSection(ProjectConfigurationPlatforms) = postSolution
		{8255DDFC-2A7F-426D-8C77-6EC69157D5B9}.Debug|Any CPU.ActiveCfg = Debug|Any CPU
		{8255DDFC-2A7F-426D-8C77-6EC69157D5B9}.Debug|Any CPU.Build.0 = Debug|Any CPU
		{8255DDFC-2A7F-426D-8C77-6EC69157D5B9}.Release|Any CPU.ActiveCfg = Release|Any CPU
		{8255DDFC-2A7F-426D-8C77-6EC69157D5B9}.Release|Any CPU.Build.0 = Release|Any CPU
	EndGlobalSection
	GlobalSection(SolutionProperties) = preSolution
		HideSolutionNode = FALSE
	EndGlobalSection
	GlobalSection(ExtensibilityGlobals) = postSolution
		SolutionGuid = {F578BDC5-4706-4CC1-B059-CC721FA9743D}
	EndGlobalSection
EndGlobal
